<?xml version="1.0" encoding="utf-8"?>
<Project ToolsVersion="4.0" xmlns="http://schemas.microsoft.com/developer/msbuild/2003">
  <ItemGroup>
    <Filter Include="Source Files">
      <UniqueIdentifier>{4FC737F1-C7A5-4376-A066-2A32D752A2FF}</UniqueIdentifier>
      <Extensions>cpp;c;cc;cxx;def;odl;idl;hpj;bat;asm;asmx</Extensions>
    </Filter>
    <Filter Include="Header Files">
      <UniqueIdentifier>{93995380-89BD-4b04-88EB-625FBE52EBFB}</UniqueIdentifier>
      <Extensions>h;hh;hpp;hxx;hm;inl;inc;xsd</Extensions>
    </Filter>
    <Filter Include="Header Files\libyuv">
      <UniqueIdentifier>{38f16ffa-61aa-4915-8408-19af82ed5e48}</UniqueIdentifier>
    </Filter>
  </ItemGroup>
  <ItemGroup>
    <ClInclude Include="include\libyuv.h">
      <Filter>Header Files</Filter>
    </ClInclude>
    <ClInclude Include="include\libyuv\basic_types.h">
      <Filter>Header Files\libyuv</Filter>
    </ClInclude>
    <ClInclude Include="include\libyuv\compare.h">
      <Filter>Header Files\libyuv</Filter>
    </ClInclude>
    <ClInclude Include="include\libyuv\compare_row.h">
      <Filter>Header Files\libyuv</Filter>
    </ClInclude>
    <ClInclude Include="include\libyuv\convert.h">
      <Filter>Header Files\libyuv</Filter>
    </ClInclude>
    <ClInclude Include="include\libyuv\convert_argb.h">
      <Filter>Header Files\libyuv</Filter>
    </ClInclude>
    <ClInclude Include="include\libyuv\convert_from.h">
      <Filter>Header Files\libyuv</Filter>
    </ClInclude>
    <ClInclude Include="include\libyuv\convert_from_argb.h">
      <Filter>Header Files\libyuv</Filter>
    </ClInclude>
    <ClInclude Include="include\libyuv\cpu_id.h">
      <Filter>Header Files\libyuv</Filter>
    </ClInclude>
    <ClInclude Include="include\libyuv\macros_msa.h">
      <Filter>Header Files\libyuv</Filter>
    </ClInclude>
    <ClInclude Include="include\libyuv\mjpeg_decoder.h">
      <Filter>Header Files\libyuv</Filter>
    </ClInclude>
    <ClInclude Include="include\libyuv\planar_functions.h">
      <Filter>Header Files\libyuv</Filter>
    </ClInclude>
    <ClInclude Include="include\libyuv\rotate.h">
      <Filter>Header Files\libyuv</Filter>
    </ClInclude>
    <ClInclude Include="include\libyuv\rotate_argb.h">
      <Filter>Header Files\libyuv</Filter>
    </ClInclude>
    <ClInclude Include="include\libyuv\rotate_row.h">
      <Filter>Header Files\libyuv</Filter>
    </ClInclude>
    <ClInclude Include="include\libyuv\row.h">
      <Filter>Header Files\libyuv</Filter>
    </ClInclude>
    <ClInclude Include="include\libyuv\scale.h">
      <Filter>Header Files\libyuv</Filter>
    </ClInclude>
    <ClInclude Include="include\libyuv\scale_argb.h">
      <Filter>Header Files\libyuv</Filter>
    </ClInclude>
    <ClInclude Include="include\libyuv\scale_row.h">
      <Filter>Header Files\libyuv</Filter>
    </ClInclude>
    <ClInclude Include="include\libyuv\version.h">
      <Filter>Header Files\libyuv</Filter>
    </ClInclude>
    <ClInclude Include="include\libyuv\video_common.h">
      <Filter>Header Files\libyuv</Filter>
    </ClInclude>
  </ItemGroup>
  <ItemGroup>
    <ClCompile Include="libyuv.cpp">
      <Filter>Source Files</Filter>
    </ClCompile>
  </ItemGroup>
</Project>